// !$*UTF8*$!
{
	archiveVersion = 1;
	classes = {
	};
	objectVersion = 46;
	objects = {

/* Begin PBXBuildFile section */
		651842C21B7BB0F900F2B4E6 /* EGODatabase.m in Sources */ = {isa = PBXBuildFile; fileRef = 651842BA1B7BB0F900F2B4E6 /* EGODatabase.m */; settings = {COMPILER_FLAGS = "-fno-objc-arc"; }; };
		651842C31B7BB0F900F2B4E6 /* EGODatabaseRequest.m in Sources */ = {isa = PBXBuildFile; fileRef = 651842BC1B7BB0F900F2B4E6 /* EGODatabaseRequest.m */; settings = {COMPILER_FLAGS = "-fno-objc-arc"; }; };
		651842C41B7BB0F900F2B4E6 /* EGODatabaseResult.m in Sources */ = {isa = PBXBuildFile; fileRef = 651842BE1B7BB0F900F2B4E6 /* EGODatabaseResult.m */; settings = {COMPILER_FLAGS = "-fno-objc-arc"; }; };
		651842C51B7BB0F900F2B4E6 /* EGODatabaseRow.m in Sources */ = {isa = PBXBuildFile; fileRef = 651842C01B7BB0F900F2B4E6 /* EGODatabaseRow.m */; settings = {COMPILER_FLAGS = "-fno-objc-arc"; }; };
		651842C61B7BB0F900F2B4E6 /* README.markdown in Sources */ = {isa = PBXBuildFile; fileRef = 651842C11B7BB0F900F2B4E6 /* README.markdown */; };
		655F0C721B4A6C9A002F51ED /* AppDelegate.swift in Sources */ = {isa = PBXBuildFile; fileRef = 655F0C711B4A6C9A002F51ED /* AppDelegate.swift */; };
		655F0C741B4A6C9A002F51ED /* ViewController.swift in Sources */ = {isa = PBXBuildFile; fileRef = 655F0C731B4A6C9A002F51ED /* ViewController.swift */; };
		655F0C771B4A6C9A002F51ED /* Main.storyboard in Resources */ = {isa = PBXBuildFile; fileRef = 655F0C751B4A6C9A002F51ED /* Main.storyboard */; };
		655F0C791B4A6C9A002F51ED /* Assets.xcassets in Resources */ = {isa = PBXBuildFile; fileRef = 655F0C781B4A6C9A002F51ED /* Assets.xcassets */; };
		655F0C7C1B4A6C9A002F51ED /* LaunchScreen.storyboard in Resources */ = {isa = PBXBuildFile; fileRef = 655F0C7A1B4A6C9A002F51ED /* LaunchScreen.storyboard */; };
		655F0C871B4A6C9A002F51ED /* StoreEditTests.swift in Sources */ = {isa = PBXBuildFile; fileRef = 655F0C861B4A6C9A002F51ED /* StoreEditTests.swift */; };
		655F0C921B4A6C9A002F51ED /* StoreEditUITests.swift in Sources */ = {isa = PBXBuildFile; fileRef = 655F0C911B4A6C9A002F51ED /* StoreEditUITests.swift */; };
		655F0CA01B4A6D4B002F51ED /* mydatabase1.sqlite in Resources */ = {isa = PBXBuildFile; fileRef = 655F0C9F1B4A6D4B002F51ED /* mydatabase1.sqlite */; };
		655F0CA31B4A706C002F51ED /* UserModel.swift in Sources */ = {isa = PBXBuildFile; fileRef = 655F0CA21B4A706C002F51ED /* UserModel.swift */; };
		655F0CA61B4A7149002F51ED /* UserDB.swift in Sources */ = {isa = PBXBuildFile; fileRef = 655F0CA51B4A7149002F51ED /* UserDB.swift */; };
/* End PBXBuildFile section */

/* Begin PBXContainerItemProxy section */
		655F0C831B4A6C9A002F51ED /* PBXContainerItemProxy */ = {
			isa = PBXContainerItemProxy;
			containerPortal = 655F0C661B4A6C9A002F51ED /* Project object */;
			proxyType = 1;
			remoteGlobalIDString = 655F0C6D1B4A6C9A002F51ED;
			remoteInfo = StoreEdit;
		};
		655F0C8E1B4A6C9A002F51ED /* PBXContainerItemProxy */ = {
			isa = PBXContainerItemProxy;
			containerPortal = 655F0C661B4A6C9A002F51ED /* Project object */;
			proxyType = 1;
			remoteGlobalIDString = 655F0C6D1B4A6C9A002F51ED;
			remoteInfo = StoreEdit;
		};
/* End PBXContainerItemProxy section */

/* Begin PBXFileReference section */
		651842B91B7BB0F900F2B4E6 /* EGODatabase.h */ = {isa = PBXFileReference; fileEncoding = 4; lastKnownFileType = sourcecode.c.h; path = EGODatabase.h; sourceTree = "<group>"; };
		651842BA1B7BB0F900F2B4E6 /* EGODatabase.m */ = {isa = PBXFileReference; fileEncoding = 4; lastKnownFileType = sourcecode.c.objc; path = EGODatabase.m; sourceTree = "<group>"; };
		651842BB1B7BB0F900F2B4E6 /* EGODatabaseRequest.h */ = {isa = PBXFileReference; fileEncoding = 4; lastKnownFileType = sourcecode.c.h; path = EGODatabaseRequest.h; sourceTree = "<group>"; };
		651842BC1B7BB0F900F2B4E6 /* EGODatabaseRequest.m */ = {isa = PBXFileReference; fileEncoding = 4; lastKnownFileType = sourcecode.c.objc; path = EGODatabaseRequest.m; sourceTree = "<group>"; };
		651842BD1B7BB0F900F2B4E6 /* EGODatabaseResult.h */ = {isa = PBXFileReference; fileEncoding = 4; lastKnownFileType = sourcecode.c.h; path = EGODatabaseResult.h; sourceTree = "<group>"; };
		651842BE1B7BB0F900F2B4E6 /* EGODatabaseResult.m */ = {isa = PBXFileReference; fileEncoding = 4; lastKnownFileType = sourcecode.c.objc; path = EGODatabaseResult.m; sourceTree = "<group>"; };
		651842BF1B7BB0F900F2B4E6 /* EGODatabaseRow.h */ = {isa = PBXFileReference; fileEncoding = 4; lastKnownFileType = sourcecode.c.h; path = EGODatabaseRow.h; sourceTree = "<group>"; };
		651842C01B7BB0F900F2B4E6 /* EGODatabaseRow.m */ = {isa = PBXFileReference; fileEncoding = 4; lastKnownFileType = sourcecode.c.objc; path = EGODatabaseRow.m; sourceTree = "<group>"; };
		651842C11B7BB0F900F2B4E6 /* README.markdown */ = {isa = PBXFileReference; fileEncoding = 4; lastKnownFileType = net.daringfireball.markdown; path = README.markdown; sourceTree = "<group>"; };
		655F0C6E1B4A6C9A002F51ED /* StoreEdit.app */ = {isa = PBXFileReference; explicitFileType = wrapper.application; includeInIndex = 0; path = StoreEdit.app; sourceTree = BUILT_PRODUCTS_DIR; };
		655F0C711B4A6C9A002F51ED /* AppDelegate.swift */ = {isa = PBXFileReference; lastKnownFileType = sourcecode.swift; path = AppDelegate.swift; sourceTree = "<group>"; };
		655F0C731B4A6C9A002F51ED /* ViewController.swift */ = {isa = PBXFileReference; lastKnownFileType = sourcecode.swift; path = ViewController.swift; sourceTree = "<group>"; };
		655F0C761B4A6C9A002F51ED /* Base */ = {isa = PBXFileReference; lastKnownFileType = file.storyboard; name = Base; path = Base.lproj/Main.storyboard; sourceTree = "<group>"; };
		655F0C781B4A6C9A002F51ED /* Assets.xcassets */ = {isa = PBXFileReference; lastKnownFileType = folder.assetcatalog; path = Assets.xcassets; sourceTree = "<group>"; };
		655F0C7B1B4A6C9A002F51ED /* Base */ = {isa = PBXFileReference; lastKnownFileType = file.storyboard; name = Base; path = Base.lproj/LaunchScreen.storyboard; sourceTree = "<group>"; };
		655F0C7D1B4A6C9A002F51ED /* Info.plist */ = {isa = PBXFileReference; lastKnownFileType = text.plist.xml; path = Info.plist; sourceTree = "<group>"; };
		655F0C821B4A6C9A002F51ED /* StoreEditTests.xctest */ = {isa = PBXFileReference; explicitFileType = wrapper.cfbundle; includeInIndex = 0; path = StoreEditTests.xctest; sourceTree = BUILT_PRODUCTS_DIR; };
		655F0C861B4A6C9A002F51ED /* StoreEditTests.swift */ = {isa = PBXFileReference; lastKnownFileType = sourcecode.swift; path = StoreEditTests.swift; sourceTree = "<group>"; };
		655F0C881B4A6C9A002F51ED /* Info.plist */ = {isa = PBXFileReference; lastKnownFileType = text.plist.xml; path = Info.plist; sourceTree = "<group>"; };
		655F0C8D1B4A6C9A002F51ED /* StoreEditUITests.xctest */ = {isa = PBXFileReference; explicitFileType = wrapper.cfbundle; includeInIndex = 0; path = StoreEditUITests.xctest; sourceTree = BUILT_PRODUCTS_DIR; };
		655F0C911B4A6C9A002F51ED /* StoreEditUITests.swift */ = {isa = PBXFileReference; lastKnownFileType = sourcecode.swift; path = StoreEditUITests.swift; sourceTree = "<group>"; };
		655F0C931B4A6C9A002F51ED /* Info.plist */ = {isa = PBXFileReference; lastKnownFileType = text.plist.xml; path = Info.plist; sourceTree = "<group>"; };
		655F0C9F1B4A6D4B002F51ED /* mydatabase1.sqlite */ = {isa = PBXFileReference; lastKnownFileType = file; path = mydatabase1.sqlite; sourceTree = "<group>"; };
		655F0CA21B4A706C002F51ED /* UserModel.swift */ = {isa = PBXFileReference; fileEncoding = 4; lastKnownFileType = sourcecode.swift; path = UserModel.swift; sourceTree = "<group>"; };
		655F0CA51B4A7149002F51ED /* UserDB.swift */ = {isa = PBXFileReference; fileEncoding = 4; lastKnownFileType = sourcecode.swift; path = UserDB.swift; sourceTree = "<group>"; };
		655F0CB61B4A8766002F51ED /* Bridging-Header.h */ = {isa = PBXFileReference; fileEncoding = 4; lastKnownFileType = sourcecode.c.h; path = "Bridging-Header.h"; sourceTree = "<group>"; };
/* End PBXFileReference section */

/* Begin PBXFrameworksBuildPhase section */
		655F0C6B1B4A6C9A002F51ED /* Frameworks */ = {
			isa = PBXFrameworksBuildPhase;
			buildActionMask = 2147483647;
			files = (
			);
			runOnlyForDeploymentPostprocessing = 0;
		};
		655F0C7F1B4A6C9A002F51ED /* Frameworks */ = {
			isa = PBXFrameworksBuildPhase;
			buildActionMask = 2147483647;
			files = (
			);
			runOnlyForDeploymentPostprocessing = 0;
		};
		655F0C8A1B4A6C9A002F51ED /* Frameworks */ = {
			isa = PBXFrameworksBuildPhase;
			buildActionMask = 2147483647;
			files = (
			);
			runOnlyForDeploymentPostprocessing = 0;
		};
/* End PBXFrameworksBuildPhase section */

/* Begin PBXGroup section */
		651842B81B7BB0F900F2B4E6 /* EGODatabase */ = {
			isa = PBXGroup;
			children = (
				651842B91B7BB0F900F2B4E6 /* EGODatabase.h */,
				651842BA1B7BB0F900F2B4E6 /* EGODatabase.m */,
				651842BB1B7BB0F900F2B4E6 /* EGODatabaseRequest.h */,
				651842BC1B7BB0F900F2B4E6 /* EGODatabaseRequest.m */,
				651842BD1B7BB0F900F2B4E6 /* EGODatabaseResult.h */,
				651842BE1B7BB0F900F2B4E6 /* EGODatabaseResult.m */,
				651842BF1B7BB0F900F2B4E6 /* EGODatabaseRow.h */,
				651842C01B7BB0F900F2B4E6 /* EGODatabaseRow.m */,
				651842C11B7BB0F900F2B4E6 /* README.markdown */,
			);
			path = EGODatabase;
			sourceTree = "<group>";
		};
		655F0C651B4A6C9A002F51ED = {
			isa = PBXGroup;
			children = (
				655F0C701B4A6C9A002F51ED /* StoreEdit */,
				655F0C851B4A6C9A002F51ED /* StoreEditTests */,
				655F0C901B4A6C9A002F51ED /* StoreEditUITests */,
				655F0C6F1B4A6C9A002F51ED /* Products */,
			);
			sourceTree = "<group>";
		};
		655F0C6F1B4A6C9A002F51ED /* Products */ = {
			isa = PBXGroup;
			children = (
				655F0C6E1B4A6C9A002F51ED /* StoreEdit.app */,
				655F0C821B4A6C9A002F51ED /* StoreEditTests.xctest */,
				655F0C8D1B4A6C9A002F51ED /* StoreEditUITests.xctest */,
			);
			name = Products;
			sourceTree = "<group>";
		};
		655F0C701B4A6C9A002F51ED /* StoreEdit */ = {
			isa = PBXGroup;
			children = (
				651842B81B7BB0F900F2B4E6 /* EGODatabase */,
				655F0C9F1B4A6D4B002F51ED /* mydatabase1.sqlite */,
				655F0C711B4A6C9A002F51ED /* AppDelegate.swift */,
				655F0C731B4A6C9A002F51ED /* ViewController.swift */,
				655F0CA41B4A7113002F51ED /* DataBase */,
				655F0CA11B4A7050002F51ED /* Models */,
				655F0C751B4A6C9A002F51ED /* Main.storyboard */,
				655F0C781B4A6C9A002F51ED /* Assets.xcassets */,
				655F0C7A1B4A6C9A002F51ED /* LaunchScreen.storyboard */,
				655F0C7D1B4A6C9A002F51ED /* Info.plist */,
				655F0CB61B4A8766002F51ED /* Bridging-Header.h */,
			);
			path = StoreEdit;
			sourceTree = "<group>";
		};
		655F0C851B4A6C9A002F51ED /* StoreEditTests */ = {
			isa = PBXGroup;
			children = (
				655F0C861B4A6C9A002F51ED /* StoreEditTests.swift */,
				655F0C881B4A6C9A002F51ED /* Info.plist */,
			);
			path = StoreEditTests;
			sourceTree = "<group>";
		};
		655F0C901B4A6C9A002F51ED /* StoreEditUITests */ = {
			isa = PBXGroup;
			children = (
				655F0C911B4A6C9A002F51ED /* StoreEditUITests.swift */,
				655F0C931B4A6C9A002F51ED /* Info.plist */,
			);
			path = StoreEditUITests;
			sourceTree = "<group>";
		};
		655F0CA11B4A7050002F51ED /* Models */ = {
			isa = PBXGroup;
			children = (
				655F0CA21B4A706C002F51ED /* UserModel.swift */,
			);
			name = Models;
			sourceTree = "<group>";
		};
		655F0CA41B4A7113002F51ED /* DataBase */ = {
			isa = PBXGroup;
			children = (
				655F0CA51B4A7149002F51ED /* UserDB.swift */,
			);
			name = DataBase;
			sourceTree = "<group>";
		};
/* End PBXGroup section */

/* Begin PBXNativeTarget section */
		655F0C6D1B4A6C9A002F51ED /* StoreEdit */ = {
			isa = PBXNativeTarget;
			buildConfigurationList = 655F0C961B4A6C9A002F51ED /* Build configuration list for PBXNativeTarget "StoreEdit" */;
			buildPhases = (
				655F0C6A1B4A6C9A002F51ED /* Sources */,
				655F0C6B1B4A6C9A002F51ED /* Frameworks */,
				655F0C6C1B4A6C9A002F51ED /* Resources */,
			);
			buildRules = (
			);
			dependencies = (
			);
			name = StoreEdit;
			productName = StoreEdit;
			productReference = 655F0C6E1B4A6C9A002F51ED /* StoreEdit.app */;
			productType = "com.apple.product-type.application";
		};
		655F0C811B4A6C9A002F51ED /* StoreEditTests */ = {
			isa = PBXNativeTarget;
			buildConfigurationList = 655F0C991B4A6C9A002F51ED /* Build configuration list for PBXNativeTarget "StoreEditTests" */;
			buildPhases = (
				655F0C7E1B4A6C9A002F51ED /* Sources */,
				655F0C7F1B4A6C9A002F51ED /* Frameworks */,
				655F0C801B4A6C9A002F51ED /* Resources */,
			);
			buildRules = (
			);
			dependencies = (
				655F0C841B4A6C9A002F51ED /* PBXTargetDependency */,
			);
			name = StoreEditTests;
			productName = StoreEditTests;
			productReference = 655F0C821B4A6C9A002F51ED /* StoreEditTests.xctest */;
			productType = "com.apple.product-type.bundle.unit-test";
		};
		655F0C8C1B4A6C9A002F51ED /* StoreEditUITests */ = {
			isa = PBXNativeTarget;
			buildConfigurationList = 655F0C9C1B4A6C9A002F51ED /* Build configuration list for PBXNativeTarget "StoreEditUITests" */;
			buildPhases = (
				655F0C891B4A6C9A002F51ED /* Sources */,
				655F0C8A1B4A6C9A002F51ED /* Frameworks */,
				655F0C8B1B4A6C9A002F51ED /* Resources */,
			);
			buildRules = (
			);
			dependencies = (
				655F0C8F1B4A6C9A002F51ED /* PBXTargetDependency */,
			);
			name = StoreEditUITests;
			productName = StoreEditUITests;
			productReference = 655F0C8D1B4A6C9A002F51ED /* StoreEditUITests.xctest */;
			productType = "com.apple.product-type.bundle.ui-testing";
		};
/* End PBXNativeTarget section */

/* Begin PBXProject section */
		655F0C661B4A6C9A002F51ED /* Project object */ = {
			isa = PBXProject;
			attributes = {
				LastUpgradeCheck = 0700;
				ORGANIZATIONNAME = keyzhang;
				TargetAttributes = {
					655F0C6D1B4A6C9A002F51ED = {
						CreatedOnToolsVersion = 7.0;
					};
					655F0C811B4A6C9A002F51ED = {
						CreatedOnToolsVersion = 7.0;
						TestTargetID = 655F0C6D1B4A6C9A002F51ED;
					};
					655F0C8C1B4A6C9A002F51ED = {
						CreatedOnToolsVersion = 7.0;
						TestTargetID = 655F0C6D1B4A6C9A002F51ED;
					};
				};
			};
			buildConfigurationList = 655F0C691B4A6C9A002F51ED /* Build configuration list for PBXProject "StoreEdit" */;
			compatibilityVersion = "Xcode 3.2";
			developmentRegion = English;
			hasScannedForEncodings = 0;
			knownRegions = (
				en,
				Base,
			);
			mainGroup = 655F0C651B4A6C9A002F51ED;
			productRefGroup = 655F0C6F1B4A6C9A002F51ED /* Products */;
			projectDirPath = "";
			projectRoot = "";
			targets = (
				655F0C6D1B4A6C9A002F51ED /* StoreEdit */,
				655F0C811B4A6C9A002F51ED /* StoreEditTests */,
				655F0C8C1B4A6C9A002F51ED /* StoreEditUITests */,
			);
		};
/* End PBXProject section */

/* Begin PBXResourcesBuildPhase section */
		655F0C6C1B4A6C9A002F51ED /* Resources */ = {
			isa = PBXResourcesBuildPhase;
			buildActionMask = 2147483647;
			files = (
				655F0C7C1B4A6C9A002F51ED /* LaunchScreen.storyboard in Resources */,
				655F0C791B4A6C9A002F51ED /* Assets.xcassets in Resources */,
				655F0CA01B4A6D4B002F51ED /* mydatabase1.sqlite in Resources */,
				655F0C771B4A6C9A002F51ED /* Main.storyboard in Resources */,
			);
			runOnlyForDeploymentPostprocessing = 0;
		};
		655F0C801B4A6C9A002F51ED /* Resources */ = {
			isa = PBXResourcesBuildPhase;
			buildActionMask = 2147483647;
			files = (
			);
			runOnlyForDeploymentPostprocessing = 0;
		};
		655F0C8B1B4A6C9A002F51ED /* Resources */ = {
			isa = PBXResourcesBuildPhase;
			buildActionMask = 2147483647;
			files = (
			);
			runOnlyForDeploymentPostprocessing = 0;
		};
/* End PBXResourcesBuildPhase section */

/* Begin PBXSourcesBuildPhase section */
		655F0C6A1B4A6C9A002F51ED /* Sources */ = {
			isa = PBXSourcesBuildPhase;
			buildActionMask = 2147483647;
			files = (
				651842C21B7BB0F900F2B4E6 /* EGODatabase.m in Sources */,
				655F0CA61B4A7149002F51ED /* UserDB.swift in Sources */,
				655F0C741B4A6C9A002F51ED /* ViewController.swift in Sources */,
				651842C51B7BB0F900F2B4E6 /* EGODatabaseRow.m in Sources */,
				655F0CA31B4A706C002F51ED /* UserModel.swift in Sources */,
				651842C61B7BB0F900F2B4E6 /* README.markdown in Sources */,
				651842C31B7BB0F900F2B4E6 /* EGODatabaseRequest.m in Sources */,
				651842C41B7BB0F900F2B4E6 /* EGODatabaseResult.m in Sources */,
				655F0C721B4A6C9A002F51ED /* AppDelegate.swift in Sources */,
			);
			runOnlyForDeploymentPostprocessing = 0;
		};
		655F0C7E1B4A6C9A002F51ED /* Sources */ = {
			isa = PBXSourcesBuildPhase;
			buildActionMask = 2147483647;
			files = (
				655F0C871B4A6C9A002F51ED /* StoreEditTests.swift in Sources */,
			);
			runOnlyForDeploymentPostprocessing = 0;
		};
		655F0C891B4A6C9A002F51ED /* Sources */ = {
			isa = PBXSourcesBuildPhase;
			buildActionMask = 2147483647;
			files = (
				655F0C921B4A6C9A002F51ED /* StoreEditUITests.swift in Sources */,
			);
			runOnlyForDeploymentPostprocessing = 0;
		};
/* End PBXSourcesBuildPhase section */

/* Begin PBXTargetDependency section */
		655F0C841B4A6C9A002F51ED /* PBXTargetDependency */ = {
			isa = PBXTargetDependency;
			target = 655F0C6D1B4A6C9A002F51ED /* StoreEdit */;
			targetProxy = 655F0C831B4A6C9A002F51ED /* PBXContainerItemProxy */;
		};
		655F0C8F1B4A6C9A002F51ED /* PBXTargetDependency */ = {
			isa = PBXTargetDependency;
			target = 655F0C6D1B4A6C9A002F51ED /* StoreEdit */;
			targetProxy = 655F0C8E1B4A6C9A002F51ED /* PBXContainerItemProxy */;
		};
/* End PBXTargetDependency section */

/* Begin PBXVariantGroup section */
		655F0C751B4A6C9A002F51ED /* Main.storyboard */ = {
			isa = PBXVariantGroup;
			children = (
				655F0C761B4A6C9A002F51ED /* Base */,
			);
			name = Main.storyboard;
			sourceTree = "<group>";
		};
		655F0C7A1B4A6C9A002F51ED /* LaunchScreen.storyboard */ = {
			isa = PBXVariantGroup;
			children = (
				655F0C7B1B4A6C9A002F51ED /* Base */,
			);
			name = LaunchScreen.storyboard;
			sourceTree = "<group>";
		};
/* End PBXVariantGroup section */

/* Begin XCBuildConfiguration section */
		655F0C941B4A6C9A002F51ED /* Debug */ = {
			isa = XCBuildConfiguration;
			buildSettings = {
				ALWAYS_SEARCH_USER_PATHS = NO;
				CLANG_CXX_LANGUAGE_STANDARD = "gnu++0x";
				CLANG_CXX_LIBRARY = "libc++";
				CLANG_ENABLE_MODULES = YES;
				CLANG_ENABLE_OBJC_ARC = YES;
				CLANG_WARN_BOOL_CONVERSION = YES;
				CLANG_WARN_CONSTANT_CONVERSION = YES;
				CLANG_WARN_DIRECT_OBJC_ISA_USAGE = YES_ERROR;
				CLANG_WARN_EMPTY_BODY = YES;
				CLANG_WARN_ENUM_CONVERSION = YES;
				CLANG_WARN_INT_CONVERSION = YES;
				CLANG_WARN_OBJC_ROOT_CLASS = YES_ERROR;
				CLANG_WARN_UNREACHABLE_CODE = YES;
				CLANG_WARN__DUPLICATE_METHOD_MATCH = YES;
				"CODE_SIGN_IDENTITY[sdk=iphoneos*]" = "iPhone Developer";
				COPY_PHASE_STRIP = NO;
				DEBUG_INFORMATION_FORMAT = dwarf;
				ENABLE_STRICT_OBJC_MSGSEND = YES;
				ENABLE_TESTABILITY = YES;
				GCC_C_LANGUAGE_STANDARD = gnu99;
				GCC_DYNAMIC_NO_PIC = NO;
				GCC_NO_COMMON_BLOCKS = YES;
				GCC_OPTIMIZATION_LEVEL = 0;
				GCC_PREPROCESSOR_DEFINITIONS = (
					"DEBUG=1",
					"$(inherited)",
				);
				GCC_WARN_64_TO_32_BIT_CONVERSION = YES;
				GCC_WARN_ABOUT_RETURN_TYPE = YES_ERROR;
				GCC_WARN_UNDECLARED_SELECTOR = YES;
				GCC_WARN_UNINITIALIZED_AUTOS = YES_AGGRESSIVE;
				GCC_WARN_UNUSED_FUNCTION = YES;
				GCC_WARN_UNUSED_VARIABLE = YES;
				IPHONEOS_DEPLOYMENT_TARGET = 9.0;
				MTL_ENABLE_DEBUG_INFO = YES;
				ONLY_ACTIVE_ARCH = YES;
				SDKROOT = iphoneos;
				SWIFT_OBJC_BRIDGING_HEADER = "StoreEdit/Bridging-Header.h";
				SWIFT_OPTIMIZATION_LEVEL = "-Onone";
			};
			name = Debug;
		};
		655F0C951B4A6C9A002F51ED /* Release */ = {
			isa = XCBuildConfiguration;
			buildSettings = {
				ALWAYS_SEARCH_USER_PATHS = NO;
				CLANG_CXX_LANGUAGE_STANDARD = "gnu++0x";
				CLANG_CXX_LIBRARY = "libc++";
				CLANG_ENABLE_MODULES = YES;
				CLANG_ENABLE_OBJC_ARC = YES;
				CLANG_WARN_BOOL_CONVERSION = YES;
				CLANG_WARN_CONSTANT_CONVERSION = YES;
				CLANG_WARN_DIRECT_OBJC_ISA_USAGE = YES_ERROR;
				CLANG_WARN_EMPTY_BODY = YES;
				CLANG_WARN_ENUM_CONVERSION = YES;
				CLANG_WARN_INT_CONVERSION = YES;
				CLANG_WARN_OBJC_ROOT_CLASS = YES_ERROR;
				CLANG_WARN_UNREACHABLE_CODE = YES;
				CLANG_WARN__DUPLICATE_METHOD_MATCH = YES;
				"CODE_SIGN_IDENTITY[sdk=iphoneos*]" = "iPhone Developer";
				COPY_PHASE_STRIP = NO;
				DEBUG_INFORMATION_FORMAT = "dwarf-with-dsym";
				ENABLE_NS_ASSERTIONS = NO;
				ENABLE_STRICT_OBJC_MSGSEND = YES;
				GCC_C_LANGUAGE_STANDARD = gnu99;
				GCC_NO_COMMON_BLOCKS = YES;
				GCC_WARN_64_TO_32_BIT_CONVERSION = YES;
				GCC_WARN_ABOUT_RETURN_TYPE = YES_ERROR;
				GCC_WARN_UNDECLARED_SELECTOR = YES;
				GCC_WARN_UNINITIALIZED_AUTOS = YES_AGGRESSIVE;
				GCC_WARN_UNUSED_FUNCTION = YES;
				GCC_WARN_UNUSED_VARIABLE = YES;
				IPHONEOS_DEPLOYMENT_TARGET = 9.0;
				MTL_ENABLE_DEBUG_INFO = NO;
				SDKROOT = iphoneos;
				SWIFT_OBJC_BRIDGING_HEADER = "StoreEdit/Bridging-Header.h";
				VALIDATE_PRODUCT = YES;
			};
			name = Release;
		};
		655F0C971B4A6C9A002F51ED /* Debug */ = {
			isa = XCBuildConfiguration;
			buildSettings = {
				ASSETCATALOG_COMPILER_APPICON_NAME = AppIcon;
				INFOPLIST_FILE = StoreEdit/Info.plist;
				LD_RUNPATH_SEARCH_PATHS = "$(inherited) @executable_path/Frameworks";
				PRODUCT_BUNDLE_IDENTIFIER = com.wxhl.StoreEdit;
				PRODUCT_NAME = "$(TARGET_NAME)";
			};
			name = Debug;
		};
		655F0C981B4A6C9A002F51ED /* Release */ = {
			isa = XCBuildConfiguration;
			buildSettings = {
				ASSETCATALOG_COMPILER_APPICON_NAME = AppIcon;
				INFOPLIST_FILE = StoreEdit/Info.plist;
				LD_RUNPATH_SEARCH_PATHS = "$(inherited) @executable_path/Frameworks";
				PRODUCT_BUNDLE_IDENTIFIER = com.wxhl.StoreEdit;
				PRODUCT_NAME = "$(TARGET_NAME)";
			};
			name = Release;
		};
		655F0C9A1B4A6C9A002F51ED /* Debug */ = {
			isa = XCBuildConfiguration;
			buildSettings = {
				BUNDLE_LOADER = "$(TEST_HOST)";
				INFOPLIST_FILE = StoreEditTests/Info.plist;
				LD_RUNPATH_SEARCH_PATHS = "$(inherited) @executable_path/Frameworks @loader_path/Frameworks";
				PRODUCT_BUNDLE_IDENTIFIER = com.wxhl.StoreEditTests;
				PRODUCT_NAME = "$(TARGET_NAME)";
				TEST_HOST = "$(BUILT_PRODUCTS_DIR)/StoreEdit.app/StoreEdit";
			};
			name = Debug;
		};
		655F0C9B1B4A6C9A002F51ED /* Release */ = {
			isa = XCBuildConfiguration;
			buildSettings = {
				BUNDLE_LOADER = "$(TEST_HOST)";
				INFOPLIST_FILE = StoreEditTests/Info.plist;
				LD_RUNPATH_SEARCH_PATHS = "$(inherited) @executable_path/Frameworks @loader_path/Frameworks";
				PRODUCT_BUNDLE_IDENTIFIER = com.wxhl.StoreEditTests;
				PRODUCT_NAME = "$(TARGET_NAME)";
				TEST_HOST = "$(BUILT_PRODUCTS_DIR)/StoreEdit.app/StoreEdit";
			};
			name = Release;
		};
		655F0C9D1B4A6C9A002F51ED /* Debug */ = {
			isa = XCBuildConfiguration;
			buildSettings = {
				INFOPLIST_FILE = StoreEditUITests/Info.plist;
				LD_RUNPATH_SEARCH_PATHS = "$(inherited) @executable_path/Frameworks @loader_path/Frameworks";
				PRODUCT_BUNDLE_IDENTIFIER = com.wxhl.StoreEditUITests;
				PRODUCT_NAME = "$(TARGET_NAME)";
				TEST_TARGET_NAME = StoreEdit;
				USES_XCTRUNNER = YES;
			};
			name = Debug;
		};
		655F0C9E1B4A6C9A002F51ED /* Release */ = {
			isa = XCBuildConfiguration;
			buildSettings = {
				INFOPLIST_FILE = StoreEditUITests/Info.plist;
				LD_RUNPATH_SEARCH_PATHS = "$(inherited) @executable_path/Frameworks @loader_path/Frameworks";
				PRODUCT_BUNDLE_IDENTIFIER = com.wxhl.StoreEditUITests;
				PRODUCT_NAME = "$(TARGET_NAME)";
				TEST_TARGET_NAME = StoreEdit;
				USES_XCTRUNNER = YES;
			};
			name = Release;
		};
/* End XCBuildConfiguration section */

/* Begin XCConfigurationList section */
		655F0C691B4A6C9A002F51ED /* Build configuration list for PBXProject "StoreEdit" */ = {
			isa = XCConfigurationList;
			buildConfigurations = (
				655F0C941B4A6C9A002F51ED /* Debug */,
				655F0C951B4A6C9A002F51ED /* Release */,
			);
			defaultConfigurationIsVisible = 0;
			defaultConfigurationName = Release;
		};
		655F0C961B4A6C9A002F51ED /* Build configuration list for PBXNativeTarget "StoreEdit" */ = {
			isa = XCConfigurationList;
			buildConfigurations = (
				655F0C971B4A6C9A002F51ED /* Debug */,
				655F0C981B4A6C9A002F51ED /* Release */,
			);
			defaultConfigurationIsVisible = 0;
			defaultConfigurationName = Release;
		};
		655F0C991B4A6C9A002F51ED /* Build configuration list for PBXNativeTarget "StoreEditTests" */ = {
			isa = XCConfigurationList;
			buildConfigurations = (
				655F0C9A1B4A6C9A002F51ED /* Debug */,
				655F0C9B1B4A6C9A002F51ED /* Release */,
			);
			defaultConfigurationIsVisible = 0;
			defaultConfigurationName = Release;
		};
		655F0C9C1B4A6C9A002F51ED /* Build configuration list for PBXNativeTarget "StoreEditUITests" */ = {
			isa = XCConfigurationList;
			buildConfigurations = (
				655F0C9D1B4A6C9A002F51ED /* Debug */,
				655F0C9E1B4A6C9A002F51ED /* Release */,
			);
			defaultConfigurationIsVisible = 0;
			defaultConfigurationName = Release;
		};
/* End XCConfigurationList section */
	};
	rootObject = 655F0C661B4A6C9A002F51ED /* Project object */;
}
